
Microsoft Visual Studio Solution File, Format Version 12.00
# Visual Studio Version 17
VisualStudioVersion = 17.10.35027.167
MinimumVisualStudioVersion = 10.0.40219.1
Project("{2150E333-8FDC-42A3-9474-1A3956D46DE8}") = "Services", "Services", "{624C4CDB-072D-4842-AB40-E6B869E47552}"
EndProject
Project("{2150E333-8FDC-42A3-9474-1A3956D46DE8}") = "Catalog", "Catalog", "{61A6FF9A-2EAE-4390-B1DC-B8F98280C0B0}"
EndProject
Project("{9A19103F-16F7-4668-BE54-9A1E7A4F7556}") = "MultiShop.Catalog", "Services\Catalog\MultiShop.Catalog\MultiShop.Catalog.csproj", "{5434ED2D-53F5-4ED6-9C87-F3872F62B702}"
EndProject
Project("{2150E333-8FDC-42A3-9474-1A3956D46DE8}") = "Discount", "Discount", "{73CF24F5-A3E6-47A5-B653-7D52595F3590}"
EndProject
Project("{9A19103F-16F7-4668-BE54-9A1E7A4F7556}") = "MultiShop.Discount", "Services\Discount\MultiShop.Discount\MultiShop.Discount.csproj", "{2A244266-ED79-4A87-A669-316BFE9CB76B}"
EndProject
Project("{2150E333-8FDC-42A3-9474-1A3956D46DE8}") = "Order", "Order", "{6601404A-6A6E-4328-8E5E-056D2644D059}"
EndProject
Project("{2150E333-8FDC-42A3-9474-1A3956D46DE8}") = "Core", "Core", "{DD770197-3871-4454-BF5F-39DD7E3877CB}"
EndProject
Project("{2150E333-8FDC-42A3-9474-1A3956D46DE8}") = "Infrastructure", "Infrastructure", "{8F5ACBE1-72F2-40A7-A1E1-A80F58539C55}"
EndProject
Project("{2150E333-8FDC-42A3-9474-1A3956D46DE8}") = "Presentation", "Presentation", "{81A03101-F404-4FDB-8526-E6FC86087B29}"
EndProject
Project("{FAE04EC0-301F-11D3-BF4B-00C04F79EFBC}") = "MultiShop.Order.Domain", "Services\Order\Core\MultiShop.Order.Domain\MultiShop.Order.Domain.csproj", "{07F949EA-706C-4FC6-B7E6-50B92AA59A31}"
EndProject
Project("{FAE04EC0-301F-11D3-BF4B-00C04F79EFBC}") = "MultiShop.Order.Application", "Services\Order\Core\MultiShop.Order.Application\MultiShop.Order.Application.csproj", "{C2FB78A9-9FD4-4247-9282-6461BA2664F2}"
EndProject
Project("{FAE04EC0-301F-11D3-BF4B-00C04F79EFBC}") = "MultiShop.Order.Persistence", "Services\Order\Infrastructure\MultiShop.Order.Persistence\MultiShop.Order.Persistence.csproj", "{3744C235-763E-4F17-835F-DC67A1DFC162}"
EndProject
Project("{FAE04EC0-301F-11D3-BF4B-00C04F79EFBC}") = "MultiShop.Order.WebApi", "Services\Order\Presentation\MultiShop.Order.WebApi\MultiShop.Order.WebApi.csproj", "{A6F7E3FA-5775-4790-A10C-17688ED8A362}"
EndProject
Global
	GlobalSection(SolutionConfigurationPlatforms) = preSolution
		Debug|Any CPU = Debug|Any CPU
		Release|Any CPU = Release|Any CPU
	EndGlobalSection
	GlobalSection(ProjectConfigurationPlatforms) = postSolution
		{5434ED2D-53F5-4ED6-9C87-F3872F62B702}.Debug|Any CPU.ActiveCfg = Debug|Any CPU
		{5434ED2D-53F5-4ED6-9C87-F3872F62B702}.Debug|Any CPU.Build.0 = Debug|Any CPU
		{5434ED2D-53F5-4ED6-9C87-F3872F62B702}.Release|Any CPU.ActiveCfg = Release|Any CPU
		{5434ED2D-53F5-4ED6-9C87-F3872F62B702}.Release|Any CPU.Build.0 = Release|Any CPU
		{2A244266-ED79-4A87-A669-316BFE9CB76B}.Debug|Any CPU.ActiveCfg = Debug|Any CPU
		{2A244266-ED79-4A87-A669-316BFE9CB76B}.Debug|Any CPU.Build.0 = Debug|Any CPU
		{2A244266-ED79-4A87-A669-316BFE9CB76B}.Release|Any CPU.ActiveCfg = Release|Any CPU
		{2A244266-ED79-4A87-A669-316BFE9CB76B}.Release|Any CPU.Build.0 = Release|Any CPU
		{07F949EA-706C-4FC6-B7E6-50B92AA59A31}.Debug|Any CPU.ActiveCfg = Debug|Any CPU
		{07F949EA-706C-4FC6-B7E6-50B92AA59A31}.Debug|Any CPU.Build.0 = Debug|Any CPU
		{07F949EA-706C-4FC6-B7E6-50B92AA59A31}.Release|Any CPU.ActiveCfg = Release|Any CPU
		{07F949EA-706C-4FC6-B7E6-50B92AA59A31}.Release|Any CPU.Build.0 = Release|Any CPU
		{C2FB78A9-9FD4-4247-9282-6461BA2664F2}.Debug|Any CPU.ActiveCfg = Debug|Any CPU
		{C2FB78A9-9FD4-4247-9282-6461BA2664F2}.Debug|Any CPU.Build.0 = Debug|Any CPU
		{C2FB78A9-9FD4-4247-9282-6461BA2664F2}.Release|Any CPU.ActiveCfg = Release|Any CPU
		{C2FB78A9-9FD4-4247-9282-6461BA2664F2}.Release|Any CPU.Build.0 = Release|Any CPU
		{3744C235-763E-4F17-835F-DC67A1DFC162}.Debug|Any CPU.ActiveCfg = Debug|Any CPU
		{3744C235-763E-4F17-835F-DC67A1DFC162}.Debug|Any CPU.Build.0 = Debug|Any CPU
		{3744C235-763E-4F17-835F-DC67A1DFC162}.Release|Any CPU.ActiveCfg = Release|Any CPU
		{3744C235-763E-4F17-835F-DC67A1DFC162}.Release|Any CPU.Build.0 = Release|Any CPU
		{A6F7E3FA-5775-4790-A10C-17688ED8A362}.Debug|Any CPU.ActiveCfg = Debug|Any CPU
		{A6F7E3FA-5775-4790-A10C-17688ED8A362}.Debug|Any CPU.Build.0 = Debug|Any CPU
		{A6F7E3FA-5775-4790-A10C-17688ED8A362}.Release|Any CPU.ActiveCfg = Release|Any CPU
		{A6F7E3FA-5775-4790-A10C-17688ED8A362}.Release|Any CPU.Build.0 = Release|Any CPU
	EndGlobalSection
	GlobalSection(SolutionProperties) = preSolution
		HideSolutionNode = FALSE
	EndGlobalSection
	GlobalSection(NestedProjects) = preSolution
		{61A6FF9A-2EAE-4390-B1DC-B8F98280C0B0} = {624C4CDB-072D-4842-AB40-E6B869E47552}
		{5434ED2D-53F5-4ED6-9C87-F3872F62B702} = {61A6FF9A-2EAE-4390-B1DC-B8F98280C0B0}
		{73CF24F5-A3E6-47A5-B653-7D52595F3590} = {624C4CDB-072D-4842-AB40-E6B869E47552}
		{2A244266-ED79-4A87-A669-316BFE9CB76B} = {73CF24F5-A3E6-47A5-B653-7D52595F3590}
		{6601404A-6A6E-4328-8E5E-056D2644D059} = {624C4CDB-072D-4842-AB40-E6B869E47552}
		{DD770197-3871-4454-BF5F-39DD7E3877CB} = {6601404A-6A6E-4328-8E5E-056D2644D059}
		{8F5ACBE1-72F2-40A7-A1E1-A80F58539C55} = {6601404A-6A6E-4328-8E5E-056D2644D059}
		{81A03101-F404-4FDB-8526-E6FC86087B29} = {6601404A-6A6E-4328-8E5E-056D2644D059}
		{07F949EA-706C-4FC6-B7E6-50B92AA59A31} = {DD770197-3871-4454-BF5F-39DD7E3877CB}
		{C2FB78A9-9FD4-4247-9282-6461BA2664F2} = {DD770197-3871-4454-BF5F-39DD7E3877CB}
		{3744C235-763E-4F17-835F-DC67A1DFC162} = {8F5ACBE1-72F2-40A7-A1E1-A80F58539C55}
		{A6F7E3FA-5775-4790-A10C-17688ED8A362} = {81A03101-F404-4FDB-8526-E6FC86087B29}
	EndGlobalSection
	GlobalSection(ExtensibilityGlobals) = postSolution
		SolutionGuid = {79ABE776-296C-405E-B41F-972DAAB349BC}
	EndGlobalSection
EndGlobal
